// !$*UTF8*$!
{
	archiveVersion = 1;
	classes = {
	};
	objectVersion = 46;
	objects = {

/* Begin PBXBuildFile section */
		4243D9001EEE2AAD00B0BD03 /* main.m in Sources */ = {isa = PBXBuildFile; fileRef = 4243D8FF1EEE2AAD00B0BD03 /* main.m */; };
		4243D9031EEE2AAD00B0BD03 /* AppDelegate.m in Sources */ = {isa = PBXBuildFile; fileRef = 4243D9021EEE2AAD00B0BD03 /* AppDelegate.m */; };
		4243D9061EEE2AAD00B0BD03 /* ViewController.m in Sources */ = {isa = PBXBuildFile; fileRef = 4243D9051EEE2AAD00B0BD03 /* ViewController.m */; };
		4243D9091EEE2AAE00B0BD03 /* Main.storyboard in Resources */ = {isa = PBXBuildFile; fileRef = 4243D9071EEE2AAE00B0BD03 /* Main.storyboard */; };
		4243D90B1EEE2AAE00B0BD03 /* Assets.xcassets in Resources */ = {isa = PBXBuildFile; fileRef = 4243D90A1EEE2AAE00B0BD03 /* Assets.xcassets */; };
		4243D90E1EEE2AAE00B0BD03 /* LaunchScreen.storyboard in Resources */ = {isa = PBXBuildFile; fileRef = 4243D90C1EEE2AAE00B0BD03 /* LaunchScreen.storyboard */; };
		4243D9191EEE2AAF00B0BD03 /* DemoCoreTextTests.m in Sources */ = {isa = PBXBuildFile; fileRef = 4243D9181EEE2AAF00B0BD03 /* DemoCoreTextTests.m */; };
		4243D9241EEE2AAF00B0BD03 /* DemoCoreTextUITests.m in Sources */ = {isa = PBXBuildFile; fileRef = 4243D9231EEE2AAF00B0BD03 /* DemoCoreTextUITests.m */; };
		4243D9331EEE2B0E00B0BD03 /* YCTModel.m in Sources */ = {isa = PBXBuildFile; fileRef = 4243D9321EEE2B0E00B0BD03 /* YCTModel.m */; };
		4243D9361EEE320300B0BD03 /* YCTView.m in Sources */ = {isa = PBXBuildFile; fileRef = 4243D9351EEE320300B0BD03 /* YCTView.m */; };
/* End PBXBuildFile section */

/* Begin PBXContainerItemProxy section */
		4243D9151EEE2AAF00B0BD03 /* PBXContainerItemProxy */ = {
			isa = PBXContainerItemProxy;
			containerPortal = 4243D8F31EEE2AAD00B0BD03 /* Project object */;
			proxyType = 1;
			remoteGlobalIDString = 4243D8FA1EEE2AAD00B0BD03;
			remoteInfo = DemoCoreText;
		};
		4243D9201EEE2AAF00B0BD03 /* PBXContainerItemProxy */ = {
			isa = PBXContainerItemProxy;
			containerPortal = 4243D8F31EEE2AAD00B0BD03 /* Project object */;
			proxyType = 1;
			remoteGlobalIDString = 4243D8FA1EEE2AAD00B0BD03;
			remoteInfo = DemoCoreText;
		};
/* End PBXContainerItemProxy section */

/* Begin PBXFileReference section */
		4243D8FB1EEE2AAD00B0BD03 /* DemoCoreText.app */ = {isa = PBXFileReference; explicitFileType = wrapper.application; includeInIndex = 0; path = DemoCoreText.app; sourceTree = BUILT_PRODUCTS_DIR; };
		4243D8FF1EEE2AAD00B0BD03 /* main.m */ = {isa = PBXFileReference; lastKnownFileType = sourcecode.c.objc; path = main.m; sourceTree = "<group>"; };
		4243D9011EEE2AAD00B0BD03 /* AppDelegate.h */ = {isa = PBXFileReference; lastKnownFileType = sourcecode.c.h; path = AppDelegate.h; sourceTree = "<group>"; };
		4243D9021EEE2AAD00B0BD03 /* AppDelegate.m */ = {isa = PBXFileReference; lastKnownFileType = sourcecode.c.objc; path = AppDelegate.m; sourceTree = "<group>"; };
		4243D9041EEE2AAD00B0BD03 /* ViewController.h */ = {isa = PBXFileReference; lastKnownFileType = sourcecode.c.h; path = ViewController.h; sourceTree = "<group>"; };
		4243D9051EEE2AAD00B0BD03 /* ViewController.m */ = {isa = PBXFileReference; lastKnownFileType = sourcecode.c.objc; path = ViewController.m; sourceTree = "<group>"; };
		4243D9081EEE2AAE00B0BD03 /* Base */ = {isa = PBXFileReference; lastKnownFileType = file.storyboard; name = Base; path = Base.lproj/Main.storyboard; sourceTree = "<group>"; };
		4243D90A1EEE2AAE00B0BD03 /* Assets.xcassets */ = {isa = PBXFileReference; lastKnownFileType = folder.assetcatalog; path = Assets.xcassets; sourceTree = "<group>"; };
		4243D90D1EEE2AAE00B0BD03 /* Base */ = {isa = PBXFileReference; lastKnownFileType = file.storyboard; name = Base; path = Base.lproj/LaunchScreen.storyboard; sourceTree = "<group>"; };
		4243D90F1EEE2AAE00B0BD03 /* Info.plist */ = {isa = PBXFileReference; lastKnownFileType = text.plist.xml; path = Info.plist; sourceTree = "<group>"; };
		4243D9141EEE2AAF00B0BD03 /* DemoCoreTextTests.xctest */ = {isa = PBXFileReference; explicitFileType = wrapper.cfbundle; includeInIndex = 0; path = DemoCoreTextTests.xctest; sourceTree = BUILT_PRODUCTS_DIR; };
		4243D9181EEE2AAF00B0BD03 /* DemoCoreTextTests.m */ = {isa = PBXFileReference; lastKnownFileType = sourcecode.c.objc; path = DemoCoreTextTests.m; sourceTree = "<group>"; };
		4243D91A1EEE2AAF00B0BD03 /* Info.plist */ = {isa = PBXFileReference; lastKnownFileType = text.plist.xml; path = Info.plist; sourceTree = "<group>"; };
		4243D91F1EEE2AAF00B0BD03 /* DemoCoreTextUITests.xctest */ = {isa = PBXFileReference; explicitFileType = wrapper.cfbundle; includeInIndex = 0; path = DemoCoreTextUITests.xctest; sourceTree = BUILT_PRODUCTS_DIR; };
		4243D9231EEE2AAF00B0BD03 /* DemoCoreTextUITests.m */ = {isa = PBXFileReference; lastKnownFileType = sourcecode.c.objc; path = DemoCoreTextUITests.m; sourceTree = "<group>"; };
		4243D9251EEE2AAF00B0BD03 /* Info.plist */ = {isa = PBXFileReference; lastKnownFileType = text.plist.xml; path = Info.plist; sourceTree = "<group>"; };
		4243D9311EEE2B0E00B0BD03 /* YCTModel.h */ = {isa = PBXFileReference; fileEncoding = 4; lastKnownFileType = sourcecode.c.h; path = YCTModel.h; sourceTree = "<group>"; };
		4243D9321EEE2B0E00B0BD03 /* YCTModel.m */ = {isa = PBXFileReference; fileEncoding = 4; lastKnownFileType = sourcecode.c.objc; path = YCTModel.m; sourceTree = "<group>"; };
		4243D9341EEE320300B0BD03 /* YCTView.h */ = {isa = PBXFileReference; fileEncoding = 4; lastKnownFileType = sourcecode.c.h; path = YCTView.h; sourceTree = "<group>"; };
		4243D9351EEE320300B0BD03 /* YCTView.m */ = {isa = PBXFileReference; fileEncoding = 4; lastKnownFileType = sourcecode.c.objc; path = YCTView.m; sourceTree = "<group>"; };
/* End PBXFileReference section */

/* Begin PBXFrameworksBuildPhase section */
		4243D8F81EEE2AAD00B0BD03 /* Frameworks */ = {
			isa = PBXFrameworksBuildPhase;
			buildActionMask = 2147483647;
			files = (
			);
			runOnlyForDeploymentPostprocessing = 0;
		};
		4243D9111EEE2AAF00B0BD03 /* Frameworks */ = {
			isa = PBXFrameworksBuildPhase;
			buildActionMask = 2147483647;
			files = (
			);
			runOnlyForDeploymentPostprocessing = 0;
		};
		4243D91C1EEE2AAF00B0BD03 /* Frameworks */ = {
			isa = PBXFrameworksBuildPhase;
			buildActionMask = 2147483647;
			files = (
			);
			runOnlyForDeploymentPostprocessing = 0;
		};
/* End PBXFrameworksBuildPhase section */

/* Begin PBXGroup section */
		4243D8F21EEE2AAD00B0BD03 = {
			isa = PBXGroup;
			children = (
				4243D8FD1EEE2AAD00B0BD03 /* DemoCoreText */,
				4243D9171EEE2AAF00B0BD03 /* DemoCoreTextTests */,
				4243D9221EEE2AAF00B0BD03 /* DemoCoreTextUITests */,
				4243D8FC1EEE2AAD00B0BD03 /* Products */,
			);
			sourceTree = "<group>";
		};
		4243D8FC1EEE2AAD00B0BD03 /* Products */ = {
			isa = PBXGroup;
			children = (
				4243D8FB1EEE2AAD00B0BD03 /* DemoCoreText.app */,
				4243D9141EEE2AAF00B0BD03 /* DemoCoreTextTests.xctest */,
				4243D91F1EEE2AAF00B0BD03 /* DemoCoreTextUITests.xctest */,
			);
			name = Products;
			sourceTree = "<group>";
		};
		4243D8FD1EEE2AAD00B0BD03 /* DemoCoreText */ = {
			isa = PBXGroup;
			children = (
				4243D9011EEE2AAD00B0BD03 /* AppDelegate.h */,
				4243D9021EEE2AAD00B0BD03 /* AppDelegate.m */,
				4243D9041EEE2AAD00B0BD03 /* ViewController.h */,
				4243D9051EEE2AAD00B0BD03 /* ViewController.m */,
				4243D9311EEE2B0E00B0BD03 /* YCTModel.h */,
				4243D9321EEE2B0E00B0BD03 /* YCTModel.m */,
				4243D9341EEE320300B0BD03 /* YCTView.h */,
				4243D9351EEE320300B0BD03 /* YCTView.m */,
				4243D9071EEE2AAE00B0BD03 /* Main.storyboard */,
				4243D90A1EEE2AAE00B0BD03 /* Assets.xcassets */,
				4243D90C1EEE2AAE00B0BD03 /* LaunchScreen.storyboard */,
				4243D90F1EEE2AAE00B0BD03 /* Info.plist */,
				4243D8FE1EEE2AAD00B0BD03 /* Supporting Files */,
			);
			path = DemoCoreText;
			sourceTree = "<group>";
		};
		4243D8FE1EEE2AAD00B0BD03 /* Supporting Files */ = {
			isa = PBXGroup;
			children = (
				4243D8FF1EEE2AAD00B0BD03 /* main.m */,
			);
			name = "Supporting Files";
			sourceTree = "<group>";
		};
		4243D9171EEE2AAF00B0BD03 /* DemoCoreTextTests */ = {
			isa = PBXGroup;
			children = (
				4243D9181EEE2AAF00B0BD03 /* DemoCoreTextTests.m */,
				4243D91A1EEE2AAF00B0BD03 /* Info.plist */,
			);
			path = DemoCoreTextTests;
			sourceTree = "<group>";
		};
		4243D9221EEE2AAF00B0BD03 /* DemoCoreTextUITests */ = {
			isa = PBXGroup;
			children = (
				4243D9231EEE2AAF00B0BD03 /* DemoCoreTextUITests.m */,
				4243D9251EEE2AAF00B0BD03 /* Info.plist */,
			);
			path = DemoCoreTextUITests;
			sourceTree = "<group>";
		};
/* End PBXGroup section */

/* Begin PBXNativeTarget section */
		4243D8FA1EEE2AAD00B0BD03 /* DemoCoreText */ = {
			isa = PBXNativeTarget;
			buildConfigurationList = 4243D9281EEE2AAF00B0BD03 /* Build configuration list for PBXNativeTarget "DemoCoreText" */;
			buildPhases = (
				4243D8F71EEE2AAD00B0BD03 /* Sources */,
				4243D8F81EEE2AAD00B0BD03 /* Frameworks */,
				4243D8F91EEE2AAD00B0BD03 /* Resources */,
			);
			buildRules = (
			);
			dependencies = (
			);
			name = DemoCoreText;
			productName = DemoCoreText;
			productReference = 4243D8FB1EEE2AAD00B0BD03 /* DemoCoreText.app */;
			productType = "com.apple.product-type.application";
		};
		4243D9131EEE2AAF00B0BD03 /* DemoCoreTextTests */ = {
			isa = PBXNativeTarget;
			buildConfigurationList = 4243D92B1EEE2AAF00B0BD03 /* Build configuration list for PBXNativeTarget "DemoCoreTextTests" */;
			buildPhases = (
				4243D9101EEE2AAF00B0BD03 /* Sources */,
				4243D9111EEE2AAF00B0BD03 /* Frameworks */,
				4243D9121EEE2AAF00B0BD03 /* Resources */,
			);
			buildRules = (
			);
			dependencies = (
				4243D9161EEE2AAF00B0BD03 /* PBXTargetDependency */,
			);
			name = DemoCoreTextTests;
			productName = DemoCoreTextTests;
			productReference = 4243D9141EEE2AAF00B0BD03 /* DemoCoreTextTests.xctest */;
			productType = "com.apple.product-type.bundle.unit-test";
		};
		4243D91E1EEE2AAF00B0BD03 /* DemoCoreTextUITests */ = {
			isa = PBXNativeTarget;
			buildConfigurationList = 4243D92E1EEE2AAF00B0BD03 /* Build configuration list for PBXNativeTarget "DemoCoreTextUITests" */;
			buildPhases = (
				4243D91B1EEE2AAF00B0BD03 /* Sources */,
				4243D91C1EEE2AAF00B0BD03 /* Frameworks */,
				4243D91D1EEE2AAF00B0BD03 /* Resources */,
			);
			buildRules = (
			);
			dependencies = (
				4243D9211EEE2AAF00B0BD03 /* PBXTargetDependency */,
			);
			name = DemoCoreTextUITests;
			productName = DemoCoreTextUITests;
			productReference = 4243D91F1EEE2AAF00B0BD03 /* DemoCoreTextUITests.xctest */;
			productType = "com.apple.product-type.bundle.ui-testing";
		};
/* End PBXNativeTarget section */

/* Begin PBXProject section */
		4243D8F31EEE2AAD00B0BD03 /* Project object */ = {
			isa = PBXProject;
			attributes = {
				LastUpgradeCheck = 0830;
				ORGANIZATIONNAME = yxf;
				TargetAttributes = {
					4243D8FA1EEE2AAD00B0BD03 = {
						CreatedOnToolsVersion = 8.3.2;
						DevelopmentTeam = FLV4GVU8JK;
						ProvisioningStyle = Automatic;
					};
					4243D9131EEE2AAF00B0BD03 = {
						CreatedOnToolsVersion = 8.3.2;
						ProvisioningStyle = Automatic;
						TestTargetID = 4243D8FA1EEE2AAD00B0BD03;
					};
					4243D91E1EEE2AAF00B0BD03 = {
						CreatedOnToolsVersion = 8.3.2;
						ProvisioningStyle = Automatic;
						TestTargetID = 4243D8FA1EEE2AAD00B0BD03;
					};
				};
			};
			buildConfigurationList = 4243D8F61EEE2AAD00B0BD03 /* Build configuration list for PBXProject "DemoCoreText" */;
			compatibilityVersion = "Xcode 3.2";
			developmentRegion = English;
			hasScannedForEncodings = 0;
			knownRegions = (
				en,
				Base,
			);
			mainGroup = 4243D8F21EEE2AAD00B0BD03;
			productRefGroup = 4243D8FC1EEE2AAD00B0BD03 /* Products */;
			projectDirPath = "";
			projectRoot = "";
			targets = (
				4243D8FA1EEE2AAD00B0BD03 /* DemoCoreText */,
				4243D9131EEE2AAF00B0BD03 /* DemoCoreTextTests */,
				4243D91E1EEE2AAF00B0BD03 /* DemoCoreTextUITests */,
			);
		};
/* End PBXProject section */

/* Begin PBXResourcesBuildPhase section */
		4243D8F91EEE2AAD00B0BD03 /* Resources */ = {
			isa = PBXResourcesBuildPhase;
			buildActionMask = 2147483647;
			files = (
				4243D90E1EEE2AAE00B0BD03 /* LaunchScreen.storyboard in Resources */,
				4243D90B1EEE2AAE00B0BD03 /* Assets.xcassets in Resources */,
				4243D9091EEE2AAE00B0BD03 /* Main.storyboard in Resources */,
			);
			runOnlyForDeploymentPostprocessing = 0;
		};
		4243D9121EEE2AAF00B0BD03 /* Resources */ = {
			isa = PBXResourcesBuildPhase;
			buildActionMask = 2147483647;
			files = (
			);
			runOnlyForDeploymentPostprocessing = 0;
		};
		4243D91D1EEE2AAF00B0BD03 /* Resources */ = {
			isa = PBXResourcesBuildPhase;
			buildActionMask = 2147483647;
			files = (
			);
			runOnlyForDeploymentPostprocessing = 0;
		};
/* End PBXResourcesBuildPhase section */

/* Begin PBXSourcesBuildPhase section */
		4243D8F71EEE2AAD00B0BD03 /* Sources */ = {
			isa = PBXSourcesBuildPhase;
			buildActionMask = 2147483647;
			files = (
				4243D9061EEE2AAD00B0BD03 /* ViewController.m in Sources */,
				4243D9361EEE320300B0BD03 /* YCTView.m in Sources */,
				4243D9031EEE2AAD00B0BD03 /* AppDelegate.m in Sources */,
				4243D9331EEE2B0E00B0BD03 /* YCTModel.m in Sources */,
				4243D9001EEE2AAD00B0BD03 /* main.m in Sources */,
			);
			runOnlyForDeploymentPostprocessing = 0;
		};
		4243D9101EEE2AAF00B0BD03 /* Sources */ = {
			isa = PBXSourcesBuildPhase;
			buildActionMask = 2147483647;
			files = (
				4243D9191EEE2AAF00B0BD03 /* DemoCoreTextTests.m in Sources */,
			);
			runOnlyForDeploymentPostprocessing = 0;
		};
		4243D91B1EEE2AAF00B0BD03 /* Sources */ = {
			isa = PBXSourcesBuildPhase;
			buildActionMask = 2147483647;
			files = (
				4243D9241EEE2AAF00B0BD03 /* DemoCoreTextUITests.m in Sources */,
			);
			runOnlyForDeploymentPostprocessing = 0;
		};
/* End PBXSourcesBuildPhase section */

/* Begin PBXTargetDependency section */
		4243D9161EEE2AAF00B0BD03 /* PBXTargetDependency */ = {
			isa = PBXTargetDependency;
			target = 4243D8FA1EEE2AAD00B0BD03 /* DemoCoreText */;
			targetProxy = 4243D9151EEE2AAF00B0BD03 /* PBXContainerItemProxy */;
		};
		4243D9211EEE2AAF00B0BD03 /* PBXTargetDependency */ = {
			isa = PBXTargetDependency;
			target = 4243D8FA1EEE2AAD00B0BD03 /* DemoCoreText */;
			targetProxy = 4243D9201EEE2AAF00B0BD03 /* PBXContainerItemProxy */;
		};
/* End PBXTargetDependency section */

/* Begin PBXVariantGroup section */
		4243D9071EEE2AAE00B0BD03 /* Main.storyboard */ = {
			isa = PBXVariantGroup;
			children = (
				4243D9081EEE2AAE00B0BD03 /* Base */,
			);
			name = Main.storyboard;
			sourceTree = "<group>";
		};
		4243D90C1EEE2AAE00B0BD03 /* LaunchScreen.storyboard */ = {
			isa = PBXVariantGroup;
			children = (
				4243D90D1EEE2AAE00B0BD03 /* Base */,
			);
			name = LaunchScreen.storyboard;
			sourceTree = "<group>";
		};
/* End PBXVariantGroup section */

/* Begin XCBuildConfiguration section */
		4243D9261EEE2AAF00B0BD03 /* Debug */ = {
			isa = XCBuildConfiguration;
			buildSettings = {
				ALWAYS_SEARCH_USER_PATHS = NO;
				CLANG_ANALYZER_NONNULL = YES;
				CLANG_ANALYZER_NUMBER_OBJECT_CONVERSION = YES_AGGRESSIVE;
				CLANG_CXX_LANGUAGE_STANDARD = "gnu++0x";
				CLANG_CXX_LIBRARY = "libc++";
				CLANG_ENABLE_MODULES = YES;
				CLANG_ENABLE_OBJC_ARC = YES;
				CLANG_WARN_BOOL_CONVERSION = YES;
				CLANG_WARN_CONSTANT_CONVERSION = YES;
				CLANG_WARN_DIRECT_OBJC_ISA_USAGE = YES_ERROR;
				CLANG_WARN_DOCUMENTATION_COMMENTS = YES;
				CLANG_WARN_EMPTY_BODY = YES;
				CLANG_WARN_ENUM_CONVERSION = YES;
				CLANG_WARN_INFINITE_RECURSION = YES;
				CLANG_WARN_INT_CONVERSION = YES;
				CLANG_WARN_OBJC_ROOT_CLASS = YES_ERROR;
				CLANG_WARN_SUSPICIOUS_MOVE = YES;
				CLANG_WARN_UNREACHABLE_CODE = YES;
				CLANG_WARN__DUPLICATE_METHOD_MATCH = YES;
				"CODE_SIGN_IDENTITY[sdk=iphoneos*]" = "iPhone Developer";
				COPY_PHASE_STRIP = NO;
				DEBUG_INFORMATION_FORMAT = dwarf;
				ENABLE_STRICT_OBJC_MSGSEND = YES;
				ENABLE_TESTABILITY = YES;
				GCC_C_LANGUAGE_STANDARD = gnu99;
				GCC_DYNAMIC_NO_PIC = NO;
				GCC_NO_COMMON_BLOCKS = YES;
				GCC_OPTIMIZATION_LEVEL = 0;
				GCC_PREPROCESSOR_DEFINITIONS = (
					"DEBUG=1",
					"$(inherited)",
				);
				GCC_WARN_64_TO_32_BIT_CONVERSION = YES;
				GCC_WARN_ABOUT_RETURN_TYPE = YES_ERROR;
				GCC_WARN_UNDECLARED_SELECTOR = YES;
				GCC_WARN_UNINITIALIZED_AUTOS = YES_AGGRESSIVE;
				GCC_WARN_UNUSED_FUNCTION = YES;
				GCC_WARN_UNUSED_VARIABLE = YES;
				IPHONEOS_DEPLOYMENT_TARGET = 8.0;
				MTL_ENABLE_DEBUG_INFO = YES;
				ONLY_ACTIVE_ARCH = YES;
				SDKROOT = iphoneos;
			};
			name = Debug;
		};
		4243D9271EEE2AAF00B0BD03 /* Release */ = {
			isa = XCBuildConfiguration;
			buildSettings = {
				ALWAYS_SEARCH_USER_PATHS = NO;
				CLANG_ANALYZER_NONNULL = YES;
				CLANG_ANALYZER_NUMBER_OBJECT_CONVERSION = YES_AGGRESSIVE;
				CLANG_CXX_LANGUAGE_STANDARD = "gnu++0x";
				CLANG_CXX_LIBRARY = "libc++";
				CLANG_ENABLE_MODULES = YES;
				CLANG_ENABLE_OBJC_ARC = YES;
				CLANG_WARN_BOOL_CONVERSION = YES;
				CLANG_WARN_CONSTANT_CONVERSION = YES;
				CLANG_WARN_DIRECT_OBJC_ISA_USAGE = YES_ERROR;
				CLANG_WARN_DOCUMENTATION_COMMENTS = YES;
				CLANG_WARN_EMPTY_BODY = YES;
				CLANG_WARN_ENUM_CONVERSION = YES;
				CLANG_WARN_INFINITE_RECURSION = YES;
				CLANG_WARN_INT_CONVERSION = YES;
				CLANG_WARN_OBJC_ROOT_CLASS = YES_ERROR;
				CLANG_WARN_SUSPICIOUS_MOVE = YES;
				CLANG_WARN_UNREACHABLE_CODE = YES;
				CLANG_WARN__DUPLICATE_METHOD_MATCH = YES;
				"CODE_SIGN_IDENTITY[sdk=iphoneos*]" = "iPhone Developer";
				COPY_PHASE_STRIP = NO;
				DEBUG_INFORMATION_FORMAT = "dwarf-with-dsym";
				ENABLE_NS_ASSERTIONS = NO;
				ENABLE_STRICT_OBJC_MSGSEND = YES;
				GCC_C_LANGUAGE_STANDARD = gnu99;
				GCC_NO_COMMON_BLOCKS = YES;
				GCC_WARN_64_TO_32_BIT_CONVERSION = YES;
				GCC_WARN_ABOUT_RETURN_TYPE = YES_ERROR;
				GCC_WARN_UNDECLARED_SELECTOR = YES;
				GCC_WARN_UNINITIALIZED_AUTOS = YES_AGGRESSIVE;
				GCC_WARN_UNUSED_FUNCTION = YES;
				GCC_WARN_UNUSED_VARIABLE = YES;
				IPHONEOS_DEPLOYMENT_TARGET = 8.0;
				MTL_ENABLE_DEBUG_INFO = NO;
				SDKROOT = iphoneos;
				VALIDATE_PRODUCT = YES;
			};
			name = Release;
		};
		4243D9291EEE2AAF00B0BD03 /* Debug */ = {
			isa = XCBuildConfiguration;
			buildSettings = {
				ASSETCATALOG_COMPILER_APPICON_NAME = AppIcon;
				DEVELOPMENT_TEAM = FLV4GVU8JK;
				INFOPLIST_FILE = DemoCoreText/Info.plist;
				IPHONEOS_DEPLOYMENT_TARGET = 8.0;
				LD_RUNPATH_SEARCH_PATHS = "$(inherited) @executable_path/Frameworks";
				PRODUCT_BUNDLE_IDENTIFIER = yxf.DemoCoreText;
				PRODUCT_NAME = "$(TARGET_NAME)";
			};
			name = Debug;
		};
		4243D92A1EEE2AAF00B0BD03 /* Release */ = {
			isa = XCBuildConfiguration;
			buildSettings = {
				ASSETCATALOG_COMPILER_APPICON_NAME = AppIcon;
				DEVELOPMENT_TEAM = FLV4GVU8JK;
				INFOPLIST_FILE = DemoCoreText/Info.plist;
				IPHONEOS_DEPLOYMENT_TARGET = 8.0;
				LD_RUNPATH_SEARCH_PATHS = "$(inherited) @executable_path/Frameworks";
				PRODUCT_BUNDLE_IDENTIFIER = yxf.DemoCoreText;
				PRODUCT_NAME = "$(TARGET_NAME)";
			};
			name = Release;
		};
		4243D92C1EEE2AAF00B0BD03 /* Debug */ = {
			isa = XCBuildConfiguration;
			buildSettings = {
				BUNDLE_LOADER = "$(TEST_HOST)";
				INFOPLIST_FILE = DemoCoreTextTests/Info.plist;
				LD_RUNPATH_SEARCH_PATHS = "$(inherited) @executable_path/Frameworks @loader_path/Frameworks";
				PRODUCT_BUNDLE_IDENTIFIER = yxf.DemoCoreTextTests;
				PRODUCT_NAME = "$(TARGET_NAME)";
				TEST_HOST = "$(BUILT_PRODUCTS_DIR)/DemoCoreText.app/DemoCoreText";
			};
			name = Debug;
		};
		4243D92D1EEE2AAF00B0BD03 /* Release */ = {
			isa = XCBuildConfiguration;
			buildSettings = {
				BUNDLE_LOADER = "$(TEST_HOST)";
				INFOPLIST_FILE = DemoCoreTextTests/Info.plist;
				LD_RUNPATH_SEARCH_PATHS = "$(inherited) @executable_path/Frameworks @loader_path/Frameworks";
				PRODUCT_BUNDLE_IDENTIFIER = yxf.DemoCoreTextTests;
				PRODUCT_NAME = "$(TARGET_NAME)";
				TEST_HOST = "$(BUILT_PRODUCTS_DIR)/DemoCoreText.app/DemoCoreText";
			};
			name = Release;
		};
		4243D92F1EEE2AAF00B0BD03 /* Debug */ = {
			isa = XCBuildConfiguration;
			buildSettings = {
				INFOPLIST_FILE = DemoCoreTextUITests/Info.plist;
				LD_RUNPATH_SEARCH_PATHS = "$(inherited) @executable_path/Frameworks @loader_path/Frameworks";
				PRODUCT_BUNDLE_IDENTIFIER = yxf.DemoCoreTextUITests;
				PRODUCT_NAME = "$(TARGET_NAME)";
				TEST_TARGET_NAME = DemoCoreText;
			};
			name = Debug;
		};
		4243D9301EEE2AAF00B0BD03 /* Release */ = {
			isa = XCBuildConfiguration;
			buildSettings = {
				INFOPLIST_FILE = DemoCoreTextUITests/Info.plist;
				LD_RUNPATH_SEARCH_PATHS = "$(inherited) @executable_path/Frameworks @loader_path/Frameworks";
				PRODUCT_BUNDLE_IDENTIFIER = yxf.DemoCoreTextUITests;
				PRODUCT_NAME = "$(TARGET_NAME)";
				TEST_TARGET_NAME = DemoCoreText;
			};
			name = Release;
		};
/* End XCBuildConfiguration section */

/* Begin XCConfigurationList section */
		4243D8F61EEE2AAD00B0BD03 /* Build configuration list for PBXProject "DemoCoreText" */ = {
			isa = XCConfigurationList;
			buildConfigurations = (
				4243D9261EEE2AAF00B0BD03 /* Debug */,
				4243D9271EEE2AAF00B0BD03 /* Release */,
			);
			defaultConfigurationIsVisible = 0;
			defaultConfigurationName = Release;
		};
		4243D9281EEE2AAF00B0BD03 /* Build configuration list for PBXNativeTarget "DemoCoreText" */ = {
			isa = XCConfigurationList;
			buildConfigurations = (
				4243D9291EEE2AAF00B0BD03 /* Debug */,
				4243D92A1EEE2AAF00B0BD03 /* Release */,
			);
			defaultConfigurationIsVisible = 0;
		};
		4243D92B1EEE2AAF00B0BD03 /* Build configuration list for PBXNativeTarget "DemoCoreTextTests" */ = {
			isa = XCConfigurationList;
			buildConfigurations = (
				4243D92C1EEE2AAF00B0BD03 /* Debug */,
				4243D92D1EEE2AAF00B0BD03 /* Release */,
			);
			defaultConfigurationIsVisible = 0;
		};
		4243D92E1EEE2AAF00B0BD03 /* Build configuration list for PBXNativeTarget "DemoCoreTextUITests" */ = {
			isa = XCConfigurationList;
			buildConfigurations = (
				4243D92F1EEE2AAF00B0BD03 /* Debug */,
				4243D9301EEE2AAF00B0BD03 /* Release */,
			);
			defaultConfigurationIsVisible = 0;
		};
/* End XCConfigurationList section */
	};
	rootObject = 4243D8F31EEE2AAD00B0BD03 /* Project object */;
}
